// !$*UTF8*$!
{
	archiveVersion = 1;
	classes = {
	};
	objectVersion = 46;
	objects = {

/* Begin PBXBuildFile section */
		295AF33C1C8796D900B6F02D /* main.m in Sources */ = {isa = PBXBuildFile; fileRef = 295AF33B1C8796D900B6F02D /* main.m */; };
		295AF3411C8796D900B6F02D /* Assets.xcassets in Resources */ = {isa = PBXBuildFile; fileRef = 295AF3401C8796D900B6F02D /* Assets.xcassets */; };
		295AF34F1C8796D900B6F02D /* ViperCodeTests.m in Sources */ = {isa = PBXBuildFile; fileRef = 295AF34E1C8796D900B6F02D /* ViperCodeTests.m */; };
		295AF35A1C8796D900B6F02D /* ViperCodeUITests.m in Sources */ = {isa = PBXBuildFile; fileRef = 295AF3591C8796D900B6F02D /* ViperCodeUITests.m */; };
		295AF3941C8796F600B6F02D /* NSString+Substring.m in Sources */ = {isa = PBXBuildFile; fileRef = 295AF36C1C8796F600B6F02D /* NSString+Substring.m */; };
		295AF3A11C8796F600B6F02D /* ViewController.m in Sources */ = {isa = PBXBuildFile; fileRef = 295AF3921C8796F600B6F02D /* ViewController.m */; };
		295AF3A51C87973F00B6F02D /* Main.storyboard in Resources */ = {isa = PBXBuildFile; fileRef = 295AF3A41C87973F00B6F02D /* Main.storyboard */; };
		29B9585F1CA6BD9D0029A8CE /* FileManager.m in Sources */ = {isa = PBXBuildFile; fileRef = 29B9584F1CA6BD9D0029A8CE /* FileManager.m */; };
		29B958601CA6BD9D0029A8CE /* FilesUtils.m in Sources */ = {isa = PBXBuildFile; fileRef = 29B958511CA6BD9D0029A8CE /* FilesUtils.m */; };
		29B958611CA6BD9D0029A8CE /* ModuleGenerator.m in Sources */ = {isa = PBXBuildFile; fileRef = 29B9585C1CA6BD9D0029A8CE /* ModuleGenerator.m */; };
		29B958621CA6BD9D0029A8CE /* TemplateManager.m in Sources */ = {isa = PBXBuildFile; fileRef = 29B9585E1CA6BD9D0029A8CE /* TemplateManager.m */; };
		29B958641CA6BDC90029A8CE /* Templates in Resources */ = {isa = PBXBuildFile; fileRef = 29B958631CA6BDC90029A8CE /* Templates */; };
		29B9586C1CA6C0110029A8CE /* AppDelegate.m in Sources */ = {isa = PBXBuildFile; fileRef = 29B9586B1CA6C0110029A8CE /* AppDelegate.m */; };
		766F1C851D8969C10016A26E /* VPTextField.m in Sources */ = {isa = PBXBuildFile; fileRef = 766F1C841D8969C10016A26E /* VPTextField.m */; };
		76E0EDCF1D8AAF4200F448C0 /* VPTextView.m in Sources */ = {isa = PBXBuildFile; fileRef = 76E0EDCE1D8AAF4200F448C0 /* VPTextView.m */; };
/* End PBXBuildFile section */

/* Begin PBXContainerItemProxy section */
		295AF34B1C8796D900B6F02D /* PBXContainerItemProxy */ = {
			isa = PBXContainerItemProxy;
			containerPortal = 295AF32C1C8796D900B6F02D /* Project object */;
			proxyType = 1;
			remoteGlobalIDString = 295AF3331C8796D900B6F02D;
			remoteInfo = ViperCode;
		};
		295AF3561C8796D900B6F02D /* PBXContainerItemProxy */ = {
			isa = PBXContainerItemProxy;
			containerPortal = 295AF32C1C8796D900B6F02D /* Project object */;
			proxyType = 1;
			remoteGlobalIDString = 295AF3331C8796D900B6F02D;
			remoteInfo = ViperCode;
		};
/* End PBXContainerItemProxy section */

/* Begin PBXFileReference section */
		295AF3341C8796D900B6F02D /* CodeGenerate.app */ = {isa = PBXFileReference; explicitFileType = wrapper.application; includeInIndex = 0; path = CodeGenerate.app; sourceTree = BUILT_PRODUCTS_DIR; };
		295AF33B1C8796D900B6F02D /* main.m */ = {isa = PBXFileReference; lastKnownFileType = sourcecode.c.objc; path = main.m; sourceTree = "<group>"; };
		295AF3401C8796D900B6F02D /* Assets.xcassets */ = {isa = PBXFileReference; lastKnownFileType = folder.assetcatalog; path = Assets.xcassets; sourceTree = "<group>"; };
		295AF3451C8796D900B6F02D /* Info.plist */ = {isa = PBXFileReference; lastKnownFileType = text.plist.xml; path = Info.plist; sourceTree = "<group>"; };
		295AF34A1C8796D900B6F02D /* CodeGenerateTests.xctest */ = {isa = PBXFileReference; explicitFileType = wrapper.cfbundle; includeInIndex = 0; path = CodeGenerateTests.xctest; sourceTree = BUILT_PRODUCTS_DIR; };
		295AF34E1C8796D900B6F02D /* ViperCodeTests.m */ = {isa = PBXFileReference; lastKnownFileType = sourcecode.c.objc; path = ViperCodeTests.m; sourceTree = "<group>"; };
		295AF3501C8796D900B6F02D /* Info.plist */ = {isa = PBXFileReference; lastKnownFileType = text.plist.xml; path = Info.plist; sourceTree = "<group>"; };
		295AF3551C8796D900B6F02D /* CodeGenerateUITests.xctest */ = {isa = PBXFileReference; explicitFileType = wrapper.cfbundle; includeInIndex = 0; path = CodeGenerateUITests.xctest; sourceTree = BUILT_PRODUCTS_DIR; };
		295AF3591C8796D900B6F02D /* ViperCodeUITests.m */ = {isa = PBXFileReference; lastKnownFileType = sourcecode.c.objc; path = ViperCodeUITests.m; sourceTree = "<group>"; };
		295AF35B1C8796D900B6F02D /* Info.plist */ = {isa = PBXFileReference; lastKnownFileType = text.plist.xml; path = Info.plist; sourceTree = "<group>"; };
		295AF36B1C8796F600B6F02D /* NSString+Substring.h */ = {isa = PBXFileReference; fileEncoding = 4; lastKnownFileType = sourcecode.c.h; path = "NSString+Substring.h"; sourceTree = "<group>"; };
		295AF36C1C8796F600B6F02D /* NSString+Substring.m */ = {isa = PBXFileReference; fileEncoding = 4; lastKnownFileType = sourcecode.c.objc; path = "NSString+Substring.m"; sourceTree = "<group>"; };
		295AF3911C8796F600B6F02D /* ViewController.h */ = {isa = PBXFileReference; fileEncoding = 4; lastKnownFileType = sourcecode.c.h; path = ViewController.h; sourceTree = "<group>"; };
		295AF3921C8796F600B6F02D /* ViewController.m */ = {isa = PBXFileReference; fileEncoding = 4; lastKnownFileType = sourcecode.c.objc; path = ViewController.m; sourceTree = "<group>"; };
		295AF3A41C87973F00B6F02D /* Main.storyboard */ = {isa = PBXFileReference; fileEncoding = 4; lastKnownFileType = file.storyboard; path = Main.storyboard; sourceTree = "<group>"; };
		29B9584D1CA6BD9D0029A8CE /* Constants.h */ = {isa = PBXFileReference; fileEncoding = 4; lastKnownFileType = sourcecode.c.h; path = Constants.h; sourceTree = "<group>"; };
		29B9584E1CA6BD9D0029A8CE /* FileManager.h */ = {isa = PBXFileReference; fileEncoding = 4; lastKnownFileType = sourcecode.c.h; path = FileManager.h; sourceTree = "<group>"; };
		29B9584F1CA6BD9D0029A8CE /* FileManager.m */ = {isa = PBXFileReference; fileEncoding = 4; lastKnownFileType = sourcecode.c.objc; path = FileManager.m; sourceTree = "<group>"; };
		29B958501CA6BD9D0029A8CE /* FilesUtils.h */ = {isa = PBXFileReference; fileEncoding = 4; lastKnownFileType = sourcecode.c.h; path = FilesUtils.h; sourceTree = "<group>"; };
		29B958511CA6BD9D0029A8CE /* FilesUtils.m */ = {isa = PBXFileReference; fileEncoding = 4; lastKnownFileType = sourcecode.c.objc; path = FilesUtils.m; sourceTree = "<group>"; };
		29B9585B1CA6BD9D0029A8CE /* ModuleGenerator.h */ = {isa = PBXFileReference; fileEncoding = 4; lastKnownFileType = sourcecode.c.h; path = ModuleGenerator.h; sourceTree = "<group>"; };
		29B9585C1CA6BD9D0029A8CE /* ModuleGenerator.m */ = {isa = PBXFileReference; fileEncoding = 4; lastKnownFileType = sourcecode.c.objc; path = ModuleGenerator.m; sourceTree = "<group>"; };
		29B9585D1CA6BD9D0029A8CE /* TemplateManager.h */ = {isa = PBXFileReference; fileEncoding = 4; lastKnownFileType = sourcecode.c.h; path = TemplateManager.h; sourceTree = "<group>"; };
		29B9585E1CA6BD9D0029A8CE /* TemplateManager.m */ = {isa = PBXFileReference; fileEncoding = 4; lastKnownFileType = sourcecode.c.objc; path = TemplateManager.m; sourceTree = "<group>"; };
		29B958631CA6BDC90029A8CE /* Templates */ = {isa = PBXFileReference; lastKnownFileType = folder; path = Templates; sourceTree = "<group>"; };
		29B9586A1CA6C0110029A8CE /* AppDelegate.h */ = {isa = PBXFileReference; fileEncoding = 4; lastKnownFileType = sourcecode.c.h; path = AppDelegate.h; sourceTree = "<group>"; };
		29B9586B1CA6C0110029A8CE /* AppDelegate.m */ = {isa = PBXFileReference; fileEncoding = 4; lastKnownFileType = sourcecode.c.objc; path = AppDelegate.m; sourceTree = "<group>"; };
		766F1C831D8969C10016A26E /* VPTextField.h */ = {isa = PBXFileReference; fileEncoding = 4; lastKnownFileType = sourcecode.c.h; name = VPTextField.h; path = Views/VPTextField.h; sourceTree = "<group>"; };
		766F1C841D8969C10016A26E /* VPTextField.m */ = {isa = PBXFileReference; fileEncoding = 4; lastKnownFileType = sourcecode.c.objc; name = VPTextField.m; path = Views/VPTextField.m; sourceTree = "<group>"; };
		76E0EDCD1D8AAF4200F448C0 /* VPTextView.h */ = {isa = PBXFileReference; fileEncoding = 4; lastKnownFileType = sourcecode.c.h; name = VPTextView.h; path = Views/VPTextView.h; sourceTree = "<group>"; };
		76E0EDCE1D8AAF4200F448C0 /* VPTextView.m */ = {isa = PBXFileReference; fileEncoding = 4; lastKnownFileType = sourcecode.c.objc; name = VPTextView.m; path = Views/VPTextView.m; sourceTree = "<group>"; };
/* End PBXFileReference section */

/* Begin PBXFrameworksBuildPhase section */
		295AF3311C8796D900B6F02D /* Frameworks */ = {
			isa = PBXFrameworksBuildPhase;
			buildActionMask = 2147483647;
			files = (
			);
			runOnlyForDeploymentPostprocessing = 0;
		};
		295AF3471C8796D900B6F02D /* Frameworks */ = {
			isa = PBXFrameworksBuildPhase;
			buildActionMask = 2147483647;
			files = (
			);
			runOnlyForDeploymentPostprocessing = 0;
		};
		295AF3521C8796D900B6F02D /* Frameworks */ = {
			isa = PBXFrameworksBuildPhase;
			buildActionMask = 2147483647;
			files = (
			);
			runOnlyForDeploymentPostprocessing = 0;
		};
/* End PBXFrameworksBuildPhase section */

/* Begin PBXGroup section */
		295AF32B1C8796D900B6F02D = {
			isa = PBXGroup;
			children = (
				295AF3361C8796D900B6F02D /* ViperCode */,
				295AF34D1C8796D900B6F02D /* ViperCodeTests */,
				295AF3581C8796D900B6F02D /* ViperCodeUITests */,
				295AF3351C8796D900B6F02D /* Products */,
			);
			sourceTree = "<group>";
		};
		295AF3351C8796D900B6F02D /* Products */ = {
			isa = PBXGroup;
			children = (
				295AF3341C8796D900B6F02D /* CodeGenerate.app */,
				295AF34A1C8796D900B6F02D /* CodeGenerateTests.xctest */,
				295AF3551C8796D900B6F02D /* CodeGenerateUITests.xctest */,
			);
			name = Products;
			sourceTree = "<group>";
		};
		295AF3361C8796D900B6F02D /* ViperCode */ = {
			isa = PBXGroup;
			children = (
				29B958631CA6BDC90029A8CE /* Templates */,
				29B958691CA6C0110029A8CE /* AppDelegate */,
				29B9584C1CA6BD9D0029A8CE /* Module Generator */,
				295AF36A1C8796F600B6F02D /* Categories */,
				766F1C821D8969890016A26E /* Views */,
				295AF3901C8796F600B6F02D /* View Controllers */,
				295AF3401C8796D900B6F02D /* Assets.xcassets */,
				295AF3A41C87973F00B6F02D /* Main.storyboard */,
				295AF3451C8796D900B6F02D /* Info.plist */,
				295AF33A1C8796D900B6F02D /* Supporting Files */,
			);
			path = ViperCode;
			sourceTree = "<group>";
		};
		295AF33A1C8796D900B6F02D /* Supporting Files */ = {
			isa = PBXGroup;
			children = (
				295AF33B1C8796D900B6F02D /* main.m */,
			);
			name = "Supporting Files";
			sourceTree = "<group>";
		};
		295AF34D1C8796D900B6F02D /* ViperCodeTests */ = {
			isa = PBXGroup;
			children = (
				295AF34E1C8796D900B6F02D /* ViperCodeTests.m */,
				295AF3501C8796D900B6F02D /* Info.plist */,
			);
			path = ViperCodeTests;
			sourceTree = "<group>";
		};
		295AF3581C8796D900B6F02D /* ViperCodeUITests */ = {
			isa = PBXGroup;
			children = (
				295AF3591C8796D900B6F02D /* ViperCodeUITests.m */,
				295AF35B1C8796D900B6F02D /* Info.plist */,
			);
			path = ViperCodeUITests;
			sourceTree = "<group>";
		};
		295AF36A1C8796F600B6F02D /* Categories */ = {
			isa = PBXGroup;
			children = (
				295AF36B1C8796F600B6F02D /* NSString+Substring.h */,
				295AF36C1C8796F600B6F02D /* NSString+Substring.m */,
			);
			path = Categories;
			sourceTree = "<group>";
		};
		295AF3901C8796F600B6F02D /* View Controllers */ = {
			isa = PBXGroup;
			children = (
				295AF3911C8796F600B6F02D /* ViewController.h */,
				295AF3921C8796F600B6F02D /* ViewController.m */,
			);
			path = "View Controllers";
			sourceTree = "<group>";
		};
		29B9584C1CA6BD9D0029A8CE /* Module Generator */ = {
			isa = PBXGroup;
			children = (
				29B9584D1CA6BD9D0029A8CE /* Constants.h */,
				29B9584E1CA6BD9D0029A8CE /* FileManager.h */,
				29B9584F1CA6BD9D0029A8CE /* FileManager.m */,
				29B958501CA6BD9D0029A8CE /* FilesUtils.h */,
				29B958511CA6BD9D0029A8CE /* FilesUtils.m */,
				29B9585B1CA6BD9D0029A8CE /* ModuleGenerator.h */,
				29B9585C1CA6BD9D0029A8CE /* ModuleGenerator.m */,
				29B9585D1CA6BD9D0029A8CE /* TemplateManager.h */,
				29B9585E1CA6BD9D0029A8CE /* TemplateManager.m */,
			);
			path = "Module Generator";
			sourceTree = "<group>";
		};
		29B958691CA6C0110029A8CE /* AppDelegate */ = {
			isa = PBXGroup;
			children = (
				29B9586A1CA6C0110029A8CE /* AppDelegate.h */,
				29B9586B1CA6C0110029A8CE /* AppDelegate.m */,
			);
			path = AppDelegate;
			sourceTree = "<group>";
		};
		766F1C821D8969890016A26E /* Views */ = {
			isa = PBXGroup;
			children = (
				766F1C831D8969C10016A26E /* VPTextField.h */,
				766F1C841D8969C10016A26E /* VPTextField.m */,
				76E0EDCD1D8AAF4200F448C0 /* VPTextView.h */,
				76E0EDCE1D8AAF4200F448C0 /* VPTextView.m */,
			);
			name = Views;
			sourceTree = "<group>";
		};
/* End PBXGroup section */

/* Begin PBXNativeTarget section */
		295AF3331C8796D900B6F02D /* CodeGenerate */ = {
			isa = PBXNativeTarget;
			buildConfigurationList = 295AF35E1C8796D900B6F02D /* Build configuration list for PBXNativeTarget "CodeGenerate" */;
			buildPhases = (
				295AF3301C8796D900B6F02D /* Sources */,
				295AF3311C8796D900B6F02D /* Frameworks */,
				295AF3321C8796D900B6F02D /* Resources */,
			);
			buildRules = (
			);
			dependencies = (
			);
			name = CodeGenerate;
			productName = ViperCode;
			productReference = 295AF3341C8796D900B6F02D /* CodeGenerate.app */;
			productType = "com.apple.product-type.application";
		};
		295AF3491C8796D900B6F02D /* CodeGenerateTests */ = {
			isa = PBXNativeTarget;
			buildConfigurationList = 295AF3611C8796D900B6F02D /* Build configuration list for PBXNativeTarget "CodeGenerateTests" */;
			buildPhases = (
				295AF3461C8796D900B6F02D /* Sources */,
				295AF3471C8796D900B6F02D /* Frameworks */,
				295AF3481C8796D900B6F02D /* Resources */,
			);
			buildRules = (
			);
			dependencies = (
				295AF34C1C8796D900B6F02D /* PBXTargetDependency */,
			);
			name = CodeGenerateTests;
			productName = ViperCodeTests;
			productReference = 295AF34A1C8796D900B6F02D /* CodeGenerateTests.xctest */;
			productType = "com.apple.product-type.bundle.unit-test";
		};
		295AF3541C8796D900B6F02D /* CodeGenerateUITests */ = {
			isa = PBXNativeTarget;
			buildConfigurationList = 295AF3641C8796D900B6F02D /* Build configuration list for PBXNativeTarget "CodeGenerateUITests" */;
			buildPhases = (
				295AF3511C8796D900B6F02D /* Sources */,
				295AF3521C8796D900B6F02D /* Frameworks */,
				295AF3531C8796D900B6F02D /* Resources */,
			);
			buildRules = (
			);
			dependencies = (
				295AF3571C8796D900B6F02D /* PBXTargetDependency */,
			);
			name = CodeGenerateUITests;
			productName = ViperCodeUITests;
			productReference = 295AF3551C8796D900B6F02D /* CodeGenerateUITests.xctest */;
			productType = "com.apple.product-type.bundle.ui-testing";
		};
/* End PBXNativeTarget section */

/* Begin PBXProject section */
		295AF32C1C8796D900B6F02D /* Project object */ = {
			isa = PBXProject;
			attributes = {
				LastUpgradeCheck = 0800;
				ORGANIZATIONNAME = smapps;
				TargetAttributes = {
					295AF3331C8796D900B6F02D = {
						CreatedOnToolsVersion = 7.2;
						LastSwiftMigration = 0800;
					};
					295AF3491C8796D900B6F02D = {
						CreatedOnToolsVersion = 7.2;
						TestTargetID = 295AF3331C8796D900B6F02D;
					};
					295AF3541C8796D900B6F02D = {
						CreatedOnToolsVersion = 7.2;
						TestTargetID = 295AF3331C8796D900B6F02D;
					};
				};
			};
			buildConfigurationList = 295AF32F1C8796D900B6F02D /* Build configuration list for PBXProject "CodeGenerate" */;
			compatibilityVersion = "Xcode 3.2";
			developmentRegion = English;
			hasScannedForEncodings = 0;
			knownRegions = (
				en,
				Base,
			);
			mainGroup = 295AF32B1C8796D900B6F02D;
			productRefGroup = 295AF3351C8796D900B6F02D /* Products */;
			projectDirPath = "";
			projectRoot = "";
			targets = (
				295AF3331C8796D900B6F02D /* CodeGenerate */,
				295AF3491C8796D900B6F02D /* CodeGenerateTests */,
				295AF3541C8796D900B6F02D /* CodeGenerateUITests */,
			);
		};
/* End PBXProject section */

/* Begin PBXResourcesBuildPhase section */
		295AF3321C8796D900B6F02D /* Resources */ = {
			isa = PBXResourcesBuildPhase;
			buildActionMask = 2147483647;
			files = (
				29B958641CA6BDC90029A8CE /* Templates in Resources */,
				295AF3A51C87973F00B6F02D /* Main.storyboard in Resources */,
				295AF3411C8796D900B6F02D /* Assets.xcassets in Resources */,
			);
			runOnlyForDeploymentPostprocessing = 0;
		};
		295AF3481C8796D900B6F02D /* Resources */ = {
			isa = PBXResourcesBuildPhase;
			buildActionMask = 2147483647;
			files = (
			);
			runOnlyForDeploymentPostprocessing = 0;
		};
		295AF3531C8796D900B6F02D /* Resources */ = {
			isa = PBXResourcesBuildPhase;
			buildActionMask = 2147483647;
			files = (
			);
			runOnlyForDeploymentPostprocessing = 0;
		};
/* End PBXResourcesBuildPhase section */

/* Begin PBXSourcesBuildPhase section */
		295AF3301C8796D900B6F02D /* Sources */ = {
			isa = PBXSourcesBuildPhase;
			buildActionMask = 2147483647;
			files = (
				29B958601CA6BD9D0029A8CE /* FilesUtils.m in Sources */,
				766F1C851D8969C10016A26E /* VPTextField.m in Sources */,
				295AF3A11C8796F600B6F02D /* ViewController.m in Sources */,
				76E0EDCF1D8AAF4200F448C0 /* VPTextView.m in Sources */,
				295AF3941C8796F600B6F02D /* NSString+Substring.m in Sources */,
				29B958611CA6BD9D0029A8CE /* ModuleGenerator.m in Sources */,
				29B9586C1CA6C0110029A8CE /* AppDelegate.m in Sources */,
				29B9585F1CA6BD9D0029A8CE /* FileManager.m in Sources */,
				295AF33C1C8796D900B6F02D /* main.m in Sources */,
				29B958621CA6BD9D0029A8CE /* TemplateManager.m in Sources */,
			);
			runOnlyForDeploymentPostprocessing = 0;
		};
		295AF3461C8796D900B6F02D /* Sources */ = {
			isa = PBXSourcesBuildPhase;
			buildActionMask = 2147483647;
			files = (
				295AF34F1C8796D900B6F02D /* ViperCodeTests.m in Sources */,
			);
			runOnlyForDeploymentPostprocessing = 0;
		};
		295AF3511C8796D900B6F02D /* Sources */ = {
			isa = PBXSourcesBuildPhase;
			buildActionMask = 2147483647;
			files = (
				295AF35A1C8796D900B6F02D /* ViperCodeUITests.m in Sources */,
			);
			runOnlyForDeploymentPostprocessing = 0;
		};
/* End PBXSourcesBuildPhase section */

/* Begin PBXTargetDependency section */
		295AF34C1C8796D900B6F02D /* PBXTargetDependency */ = {
			isa = PBXTargetDependency;
			target = 295AF3331C8796D900B6F02D /* CodeGenerate */;
			targetProxy = 295AF34B1C8796D900B6F02D /* PBXContainerItemProxy */;
		};
		295AF3571C8796D900B6F02D /* PBXTargetDependency */ = {
			isa = PBXTargetDependency;
			target = 295AF3331C8796D900B6F02D /* CodeGenerate */;
			targetProxy = 295AF3561C8796D900B6F02D /* PBXContainerItemProxy */;
		};
/* End PBXTargetDependency section */

/* Begin XCBuildConfiguration section */
		295AF35C1C8796D900B6F02D /* Debug */ = {
			isa = XCBuildConfiguration;
			buildSettings = {
				ALWAYS_SEARCH_USER_PATHS = NO;
				CLANG_CXX_LANGUAGE_STANDARD = "gnu++0x";
				CLANG_CXX_LIBRARY = "libc++";
				CLANG_ENABLE_MODULES = YES;
				CLANG_ENABLE_OBJC_ARC = YES;
				CLANG_WARN_BOOL_CONVERSION = YES;
				CLANG_WARN_CONSTANT_CONVERSION = YES;
				CLANG_WARN_DIRECT_OBJC_ISA_USAGE = YES_ERROR;
				CLANG_WARN_EMPTY_BODY = YES;
				CLANG_WARN_ENUM_CONVERSION = YES;
				CLANG_WARN_INFINITE_RECURSION = YES;
				CLANG_WARN_INT_CONVERSION = YES;
				CLANG_WARN_OBJC_ROOT_CLASS = YES_ERROR;
				CLANG_WARN_SUSPICIOUS_MOVE = YES;
				CLANG_WARN_UNREACHABLE_CODE = YES;
				CLANG_WARN__DUPLICATE_METHOD_MATCH = YES;
				CODE_SIGN_IDENTITY = "-";
				COPY_PHASE_STRIP = NO;
				DEBUG_INFORMATION_FORMAT = dwarf;
				ENABLE_STRICT_OBJC_MSGSEND = YES;
				ENABLE_TESTABILITY = YES;
				GCC_C_LANGUAGE_STANDARD = gnu99;
				GCC_DYNAMIC_NO_PIC = NO;
				GCC_NO_COMMON_BLOCKS = YES;
				GCC_OPTIMIZATION_LEVEL = 0;
				GCC_PREPROCESSOR_DEFINITIONS = (
					"DEBUG=1",
					"$(inherited)",
				);
				GCC_WARN_64_TO_32_BIT_CONVERSION = YES;
				GCC_WARN_ABOUT_RETURN_TYPE = YES_ERROR;
				GCC_WARN_UNDECLARED_SELECTOR = YES;
				GCC_WARN_UNINITIALIZED_AUTOS = YES_AGGRESSIVE;
				GCC_WARN_UNUSED_FUNCTION = YES;
				GCC_WARN_UNUSED_VARIABLE = YES;
				MACOSX_DEPLOYMENT_TARGET = 10.10;
				MTL_ENABLE_DEBUG_INFO = YES;
				ONLY_ACTIVE_ARCH = YES;
				SDKROOT = macosx;
			};
			name = Debug;
		};
		295AF35D1C8796D900B6F02D /* Release */ = {
			isa = XCBuildConfiguration;
			buildSettings = {
				ALWAYS_SEARCH_USER_PATHS = NO;
				CLANG_CXX_LANGUAGE_STANDARD = "gnu++0x";
				CLANG_CXX_LIBRARY = "libc++";
				CLANG_ENABLE_MODULES = YES;
				CLANG_ENABLE_OBJC_ARC = YES;
				CLANG_WARN_BOOL_CONVERSION = YES;
				CLANG_WARN_CONSTANT_CONVERSION = YES;
				CLANG_WARN_DIRECT_OBJC_ISA_USAGE = YES_ERROR;
				CLANG_WARN_EMPTY_BODY = YES;
				CLANG_WARN_ENUM_CONVERSION = YES;
				CLANG_WARN_INFINITE_RECURSION = YES;
				CLANG_WARN_INT_CONVERSION = YES;
				CLANG_WARN_OBJC_ROOT_CLASS = YES_ERROR;
				CLANG_WARN_SUSPICIOUS_MOVE = YES;
				CLANG_WARN_UNREACHABLE_CODE = YES;
				CLANG_WARN__DUPLICATE_METHOD_MATCH = YES;
				CODE_SIGN_IDENTITY = "-";
				COPY_PHASE_STRIP = NO;
				DEBUG_INFORMATION_FORMAT = "dwarf-with-dsym";
				ENABLE_NS_ASSERTIONS = NO;
				ENABLE_STRICT_OBJC_MSGSEND = YES;
				GCC_C_LANGUAGE_STANDARD = gnu99;
				GCC_NO_COMMON_BLOCKS = YES;
				GCC_WARN_64_TO_32_BIT_CONVERSION = YES;
				GCC_WARN_ABOUT_RETURN_TYPE = YES_ERROR;
				GCC_WARN_UNDECLARED_SELECTOR = YES;
				GCC_WARN_UNINITIALIZED_AUTOS = YES_AGGRESSIVE;
				GCC_WARN_UNUSED_FUNCTION = YES;
				GCC_WARN_UNUSED_VARIABLE = YES;
				MACOSX_DEPLOYMENT_TARGET = 10.10;
				MTL_ENABLE_DEBUG_INFO = NO;
				SDKROOT = macosx;
			};
			name = Release;
		};
		295AF35F1C8796D900B6F02D /* Debug */ = {
			isa = XCBuildConfiguration;
			buildSettings = {
				ASSETCATALOG_COMPILER_APPICON_NAME = AppIcon;
				CLANG_ENABLE_MODULES = YES;
				COMBINE_HIDPI_IMAGES = YES;
				INFOPLIST_FILE = ViperCode/Info.plist;
				LD_RUNPATH_SEARCH_PATHS = "$(inherited) @executable_path/../Frameworks";
				PRODUCT_BUNDLE_IDENTIFIER = com.smapps.ViperCode;
				PRODUCT_NAME = "$(TARGET_NAME)";
				SWIFT_OPTIMIZATION_LEVEL = "-Onone";
				SWIFT_VERSION = 3.0;
			};
			name = Debug;
		};
		295AF3601C8796D900B6F02D /* Release */ = {
			isa = XCBuildConfiguration;
			buildSettings = {
				ASSETCATALOG_COMPILER_APPICON_NAME = AppIcon;
				CLANG_ENABLE_MODULES = YES;
				COMBINE_HIDPI_IMAGES = YES;
				INFOPLIST_FILE = ViperCode/Info.plist;
				LD_RUNPATH_SEARCH_PATHS = "$(inherited) @executable_path/../Frameworks";
				PRODUCT_BUNDLE_IDENTIFIER = com.smapps.ViperCode;
				PRODUCT_NAME = "$(TARGET_NAME)";
				SWIFT_VERSION = 3.0;
			};
			name = Release;
		};
		295AF3621C8796D900B6F02D /* Debug */ = {
			isa = XCBuildConfiguration;
			buildSettings = {
				BUNDLE_LOADER = "$(TEST_HOST)";
				COMBINE_HIDPI_IMAGES = YES;
				INFOPLIST_FILE = ViperCodeTests/Info.plist;
				LD_RUNPATH_SEARCH_PATHS = "$(inherited) @executable_path/../Frameworks @loader_path/../Frameworks";
				PRODUCT_BUNDLE_IDENTIFIER = com.smapps.ViperCodeTests;
				PRODUCT_NAME = "$(TARGET_NAME)";
				TEST_HOST = "$(BUILT_PRODUCTS_DIR)/CodeGenerate.app/Contents/MacOS/CodeGenerate";
			};
			name = Debug;
		};
		295AF3631C8796D900B6F02D /* Release */ = {
			isa = XCBuildConfiguration;
			buildSettings = {
				BUNDLE_LOADER = "$(TEST_HOST)";
				COMBINE_HIDPI_IMAGES = YES;
				INFOPLIST_FILE = ViperCodeTests/Info.plist;
				LD_RUNPATH_SEARCH_PATHS = "$(inherited) @executable_path/../Frameworks @loader_path/../Frameworks";
				PRODUCT_BUNDLE_IDENTIFIER = com.smapps.ViperCodeTests;
				PRODUCT_NAME = "$(TARGET_NAME)";
				TEST_HOST = "$(BUILT_PRODUCTS_DIR)/CodeGenerate.app/Contents/MacOS/CodeGenerate";
			};
			name = Release;
		};
		295AF3651C8796D900B6F02D /* Debug */ = {
			isa = XCBuildConfiguration;
			buildSettings = {
				COMBINE_HIDPI_IMAGES = YES;
				INFOPLIST_FILE = ViperCodeUITests/Info.plist;
				LD_RUNPATH_SEARCH_PATHS = "$(inherited) @executable_path/../Frameworks @loader_path/../Frameworks";
				PRODUCT_BUNDLE_IDENTIFIER = com.smapps.ViperCodeUITests;
				PRODUCT_NAME = "$(TARGET_NAME)";
				TEST_TARGET_NAME = ViperCode;
				USES_XCTRUNNER = YES;
			};
			name = Debug;
		};
		295AF3661C8796D900B6F02D /* Release */ = {
			isa = XCBuildConfiguration;
			buildSettings = {
				COMBINE_HIDPI_IMAGES = YES;
				INFOPLIST_FILE = ViperCodeUITests/Info.plist;
				LD_RUNPATH_SEARCH_PATHS = "$(inherited) @executable_path/../Frameworks @loader_path/../Frameworks";
				PRODUCT_BUNDLE_IDENTIFIER = com.smapps.ViperCodeUITests;
				PRODUCT_NAME = "$(TARGET_NAME)";
				TEST_TARGET_NAME = ViperCode;
				USES_XCTRUNNER = YES;
			};
			name = Release;
		};
/* End XCBuildConfiguration section */

/* Begin XCConfigurationList section */
		295AF32F1C8796D900B6F02D /* Build configuration list for PBXProject "CodeGenerate" */ = {
			isa = XCConfigurationList;
			buildConfigurations = (
				295AF35C1C8796D900B6F02D /* Debug */,
				295AF35D1C8796D900B6F02D /* Release */,
			);
			defaultConfigurationIsVisible = 0;
			defaultConfigurationName = Release;
		};
		295AF35E1C8796D900B6F02D /* Build configuration list for PBXNativeTarget "CodeGenerate" */ = {
			isa = XCConfigurationList;
			buildConfigurations = (
				295AF35F1C8796D900B6F02D /* Debug */,
				295AF3601C8796D900B6F02D /* Release */,
			);
			defaultConfigurationIsVisible = 0;
			defaultConfigurationName = Release;
		};
		295AF3611C8796D900B6F02D /* Build configuration list for PBXNativeTarget "CodeGenerateTests" */ = {
			isa = XCConfigurationList;
			buildConfigurations = (
				295AF3621C8796D900B6F02D /* Debug */,
				295AF3631C8796D900B6F02D /* Release */,
			);
			defaultConfigurationIsVisible = 0;
			defaultConfigurationName = Release;
		};
		295AF3641C8796D900B6F02D /* Build configuration list for PBXNativeTarget "CodeGenerateUITests" */ = {
			isa = XCConfigurationList;
			buildConfigurations = (
				295AF3651C8796D900B6F02D /* Debug */,
				295AF3661C8796D900B6F02D /* Release */,
			);
			defaultConfigurationIsVisible = 0;
			defaultConfigurationName = Release;
		};
/* End XCConfigurationList section */
	};
	rootObject = 295AF32C1C8796D900B6F02D /* Project object */;
}
